
Microsoft Visual Studio Solution File, Format Version 12.00
# Visual Studio 15
VisualStudioVersion = 15.0.28010.2036
MinimumVisualStudioVersion = 10.0.40219.1
Project("{FAE04EC0-301F-11D3-BF4B-00C04F79EFBC}") = "TestApp", "TestApp\TestApp.csproj", "{47EE36C5-CC76-452E-8A6A-545BF033454B}"
EndProject
Global
	GlobalSection(SolutionConfigurationPlatforms) = preSolution
		Debug|Any CPU = Debug|Any CPU
		Release|Any CPU = Release|Any CPU
	EndGlobalSection
	GlobalSection(ProjectConfigurationPlatforms) = postSolution
		{47EE36C5-CC76-452E-8A6A-545BF033454B}.Debug|Any CPU.ActiveCfg = Debug|Any CPU
		{47EE36C5-CC76-452E-8A6A-545BF033454B}.Debug|Any CPU.Build.0 = Debug|Any CPU
		{47EE36C5-CC76-452E-8A6A-545BF033454B}.Release|Any CPU.ActiveCfg = Release|Any CPU
		{47EE36C5-CC76-452E-8A6A-545BF033454B}.Release|Any CPU.Build.0 = Release|Any CPU
	EndGlobalSection
	GlobalSection(SolutionProperties) = preSolution
		HideSolutionNode = FALSE
	EndGlobalSection
	GlobalSection(ExtensibilityGlobals) = postSolution
		SolutionGuid = {514044ED-76D0-40E7-9DCF-F39A85AA7E7F}
	EndGlobalSection
EndGlobal
